// !$*UTF8*$!
{
	archiveVersion = 1;
	classes = {
	};
	objectVersion = 77;
	objects = {

/* Begin PBXBuildFile section */
		012128C9CCD53381CB7EDD52 /* TranscriptionProvider.swift in Sources */ = {isa = PBXBuildFile; fileRef = A1DB46C26894F83997C99660 /* TranscriptionProvider.swift */; };
		17BC1D60B968DEF53C1F654E /* SettingsView.swift in Sources */ = {isa = PBXBuildFile; fileRef = 8826DF86EE0096B3513EBB85 /* SettingsView.swift */; };
		1B8EFC7C3D258C9B4977474B /* GroqWhisperProviderTests.swift in Sources */ = {isa = PBXBuildFile; fileRef = 4C77D35255C21EB4481FA262 /* GroqWhisperProviderTests.swift */; };
		210F2E6B9282B25963AB9A82 /* PermissionManager.swift in Sources */ = {isa = PBXBuildFile; fileRef = 41A7AFAF5368EA935A9DEBFE /* PermissionManager.swift */; };
		2CE0A2554E94A4FA3238927D /* AudioFileTranscriber.swift in Sources */ = {isa = PBXBuildFile; fileRef = BCB97A9F5BD72B6BE7747B63 /* AudioFileTranscriber.swift */; };
		3C95D72D5B66669670D7DF9D /* GroqChatProvider.swift in Sources */ = {isa = PBXBuildFile; fileRef = B9E8BA9500D9E2CC7A689937 /* GroqChatProvider.swift */; };
		44AFC008628CF6696A94CDE4 /* MuteApp.swift in Sources */ = {isa = PBXBuildFile; fileRef = 9A22A2FCFFACA3904685D1C6 /* MuteApp.swift */; };
		53AACCDFF2BD2FD935915007 /* KeychainManager.swift in Sources */ = {isa = PBXBuildFile; fileRef = CF2EEC7FCBC0B2463452D83A /* KeychainManager.swift */; };
		6405578BCF92F61C96225C3B /* MenuBarView.swift in Sources */ = {isa = PBXBuildFile; fileRef = C606AACA1E360471045EB567 /* MenuBarView.swift */; };
		64C8804CB8F639D59F33D118 /* AudioFileManager.swift in Sources */ = {isa = PBXBuildFile; fileRef = 7F4A5A84651663B20CCDCBA2 /* AudioFileManager.swift */; };
		689EA065D780B98738734E17 /* TranscriptionMode.swift in Sources */ = {isa = PBXBuildFile; fileRef = 64A68DD08B3028DE450159D4 /* TranscriptionMode.swift */; };
		72DC2C39EE3E36DDA6CACBC7 /* OnboardingView.swift in Sources */ = {isa = PBXBuildFile; fileRef = C34804C10F2A80739BD3D345 /* OnboardingView.swift */; };
		88830D6C1EEB0B45E980042F /* TranscriptionModeManager.swift in Sources */ = {isa = PBXBuildFile; fileRef = 070B5A91E00EC53D225F61F5 /* TranscriptionModeManager.swift */; };
		8912ABB977DA708981C53531 /* Assets.xcassets in Resources */ = {isa = PBXBuildFile; fileRef = 0D07FBBA08D18817B94DD9D9 /* Assets.xcassets */; };
		8EDC04171FD120BD16C66662 /* AppState.swift in Sources */ = {isa = PBXBuildFile; fileRef = BA2EF194CB96FED04F833EE5 /* AppState.swift */; };
		A4403B77929A4B2DF22E2376 /* AppDelegate.swift in Sources */ = {isa = PBXBuildFile; fileRef = 2BBE7878064CE4A395F742B5 /* AppDelegate.swift */; };
		C5671DE4FB1EAB1176231BBC /* KeyboardShortcuts in Frameworks */ = {isa = PBXBuildFile; productRef = AB913567D1E5AFEB16067B03 /* KeyboardShortcuts */; };
		C8D94B7EB7C34C9293CBC2FF /* AudioCaptureManager.swift in Sources */ = {isa = PBXBuildFile; fileRef = 166CF4DF6CFD12428968E793 /* AudioCaptureManager.swift */; };
		D49555A8497496475FAE5B4B /* GroqWhisperProvider.swift in Sources */ = {isa = PBXBuildFile; fileRef = ADFB2D2D7F40C6B3D1762DF9 /* GroqWhisperProvider.swift */; };
		D5CEACBED3623E1F93B25892 /* TextInsertionService.swift in Sources */ = {isa = PBXBuildFile; fileRef = BD629601D79B18AE56A4475A /* TextInsertionService.swift */; };
		D6687E589B0409645A3B15DD /* NotesIntegrationService.swift in Sources */ = {isa = PBXBuildFile; fileRef = 78E0703A3EDFCA963F8B1AC7 /* NotesIntegrationService.swift */; };
		FD40D6E9CE1E9BC4D40D7084 /* OverlayPanel.swift in Sources */ = {isa = PBXBuildFile; fileRef = 6EE9FFD5C464D515350B9CDA /* OverlayPanel.swift */; };
/* End PBXBuildFile section */

/* Begin PBXFileReference section */
		070B5A91E00EC53D225F61F5 /* TranscriptionModeManager.swift */ = {isa = PBXFileReference; lastKnownFileType = sourcecode.swift; path = TranscriptionModeManager.swift; sourceTree = "<group>"; };
		0D07FBBA08D18817B94DD9D9 /* Assets.xcassets */ = {isa = PBXFileReference; lastKnownFileType = folder.assetcatalog; path = Assets.xcassets; sourceTree = "<group>"; };
		166CF4DF6CFD12428968E793 /* AudioCaptureManager.swift */ = {isa = PBXFileReference; lastKnownFileType = sourcecode.swift; path = AudioCaptureManager.swift; sourceTree = "<group>"; };
		20630095FD8BFCDA1135DB38 /* Mute.app */ = {isa = PBXFileReference; explicitFileType = wrapper.application; includeInIndex = 0; path = Mute.app; sourceTree = BUILT_PRODUCTS_DIR; };
		2BBE7878064CE4A395F742B5 /* AppDelegate.swift */ = {isa = PBXFileReference; lastKnownFileType = sourcecode.swift; path = AppDelegate.swift; sourceTree = "<group>"; };
		41A7AFAF5368EA935A9DEBFE /* PermissionManager.swift */ = {isa = PBXFileReference; lastKnownFileType = sourcecode.swift; path = PermissionManager.swift; sourceTree = "<group>"; };
		4C77D35255C21EB4481FA262 /* GroqWhisperProviderTests.swift */ = {isa = PBXFileReference; lastKnownFileType = sourcecode.swift; path = GroqWhisperProviderTests.swift; sourceTree = "<group>"; };
		64A68DD08B3028DE450159D4 /* TranscriptionMode.swift */ = {isa = PBXFileReference; lastKnownFileType = sourcecode.swift; path = TranscriptionMode.swift; sourceTree = "<group>"; };
		6EE9FFD5C464D515350B9CDA /* OverlayPanel.swift */ = {isa = PBXFileReference; lastKnownFileType = sourcecode.swift; path = OverlayPanel.swift; sourceTree = "<group>"; };
		78E0703A3EDFCA963F8B1AC7 /* NotesIntegrationService.swift */ = {isa = PBXFileReference; lastKnownFileType = sourcecode.swift; path = NotesIntegrationService.swift; sourceTree = "<group>"; };
		7F4A5A84651663B20CCDCBA2 /* AudioFileManager.swift */ = {isa = PBXFileReference; lastKnownFileType = sourcecode.swift; path = AudioFileManager.swift; sourceTree = "<group>"; };
		8826DF86EE0096B3513EBB85 /* SettingsView.swift */ = {isa = PBXFileReference; lastKnownFileType = sourcecode.swift; path = SettingsView.swift; sourceTree = "<group>"; };
		9A22A2FCFFACA3904685D1C6 /* MuteApp.swift */ = {isa = PBXFileReference; lastKnownFileType = sourcecode.swift; path = MuteApp.swift; sourceTree = "<group>"; };
		A1DB46C26894F83997C99660 /* TranscriptionProvider.swift */ = {isa = PBXFileReference; lastKnownFileType = sourcecode.swift; path = TranscriptionProvider.swift; sourceTree = "<group>"; };
		ADFB2D2D7F40C6B3D1762DF9 /* GroqWhisperProvider.swift */ = {isa = PBXFileReference; lastKnownFileType = sourcecode.swift; path = GroqWhisperProvider.swift; sourceTree = "<group>"; };
		B9E8BA9500D9E2CC7A689937 /* GroqChatProvider.swift */ = {isa = PBXFileReference; lastKnownFileType = sourcecode.swift; path = GroqChatProvider.swift; sourceTree = "<group>"; };
		BA2EF194CB96FED04F833EE5 /* AppState.swift */ = {isa = PBXFileReference; lastKnownFileType = sourcecode.swift; path = AppState.swift; sourceTree = "<group>"; };
		BCB97A9F5BD72B6BE7747B63 /* AudioFileTranscriber.swift */ = {isa = PBXFileReference; lastKnownFileType = sourcecode.swift; path = AudioFileTranscriber.swift; sourceTree = "<group>"; };
		BD629601D79B18AE56A4475A /* TextInsertionService.swift */ = {isa = PBXFileReference; lastKnownFileType = sourcecode.swift; path = TextInsertionService.swift; sourceTree = "<group>"; };
		C34804C10F2A80739BD3D345 /* OnboardingView.swift */ = {isa = PBXFileReference; lastKnownFileType = sourcecode.swift; path = OnboardingView.swift; sourceTree = "<group>"; };
		C606AACA1E360471045EB567 /* MenuBarView.swift */ = {isa = PBXFileReference; lastKnownFileType = sourcecode.swift; path = MenuBarView.swift; sourceTree = "<group>"; };
		CF2EEC7FCBC0B2463452D83A /* KeychainManager.swift */ = {isa = PBXFileReference; lastKnownFileType = sourcecode.swift; path = KeychainManager.swift; sourceTree = "<group>"; };
/* End PBXFileReference section */

/* Begin PBXFrameworksBuildPhase section */
		AE574384A09C6A655DFDDC0D /* Frameworks */ = {
			isa = PBXFrameworksBuildPhase;
			buildActionMask = 2147483647;
			files = (
				C5671DE4FB1EAB1176231BBC /* KeyboardShortcuts in Frameworks */,
			);
			runOnlyForDeploymentPostprocessing = 0;
		};
/* End PBXFrameworksBuildPhase section */

/* Begin PBXGroup section */
		1BB0AA271BB8EF21F53AF400 /* Mute */ = {
			isa = PBXGroup;
			children = (
				69209CEA00D5AA7124A16D80 /* App */,
				88295DCF21DECF138D3718B2 /* Audio */,
				230A2C7219892E8B27392345 /* Models */,
				770BFF5D3CFC74CA05BFEEB9 /* Services */,
				7B9523C16C27932E373C017F /* Tests */,
				EF881BCCBB5BC1E4F6B11AF4 /* Views */,
				0D07FBBA08D18817B94DD9D9 /* Assets.xcassets */,
			);
			path = Mute;
			sourceTree = "<group>";
		};
		230A2C7219892E8B27392345 /* Models */ = {
			isa = PBXGroup;
			children = (
				64A68DD08B3028DE450159D4 /* TranscriptionMode.swift */,
			);
			path = Models;
			sourceTree = "<group>";
		};
		3481DDAADA410E21A7C36A60 = {
			isa = PBXGroup;
			children = (
				1BB0AA271BB8EF21F53AF400 /* Mute */,
				3898D4D18DD50DDEDCCA018C /* Products */,
			);
			sourceTree = "<group>";
		};
		3898D4D18DD50DDEDCCA018C /* Products */ = {
			isa = PBXGroup;
			children = (
				20630095FD8BFCDA1135DB38 /* Mute.app */,
			);
			name = Products;
			sourceTree = "<group>";
		};
		69209CEA00D5AA7124A16D80 /* App */ = {
			isa = PBXGroup;
			children = (
				2BBE7878064CE4A395F742B5 /* AppDelegate.swift */,
				BA2EF194CB96FED04F833EE5 /* AppState.swift */,
				9A22A2FCFFACA3904685D1C6 /* MuteApp.swift */,
			);
			path = App;
			sourceTree = "<group>";
		};
		770BFF5D3CFC74CA05BFEEB9 /* Services */ = {
			isa = PBXGroup;
			children = (
				7F4A5A84651663B20CCDCBA2 /* AudioFileManager.swift */,
				BCB97A9F5BD72B6BE7747B63 /* AudioFileTranscriber.swift */,
				B9E8BA9500D9E2CC7A689937 /* GroqChatProvider.swift */,
				ADFB2D2D7F40C6B3D1762DF9 /* GroqWhisperProvider.swift */,
				CF2EEC7FCBC0B2463452D83A /* KeychainManager.swift */,
				78E0703A3EDFCA963F8B1AC7 /* NotesIntegrationService.swift */,
				41A7AFAF5368EA935A9DEBFE /* PermissionManager.swift */,
				BD629601D79B18AE56A4475A /* TextInsertionService.swift */,
				070B5A91E00EC53D225F61F5 /* TranscriptionModeManager.swift */,
				A1DB46C26894F83997C99660 /* TranscriptionProvider.swift */,
			);
			path = Services;
			sourceTree = "<group>";
		};
		7B9523C16C27932E373C017F /* Tests */ = {
			isa = PBXGroup;
			children = (
				4C77D35255C21EB4481FA262 /* GroqWhisperProviderTests.swift */,
			);
			path = Tests;
			sourceTree = "<group>";
		};
		88295DCF21DECF138D3718B2 /* Audio */ = {
			isa = PBXGroup;
			children = (
				166CF4DF6CFD12428968E793 /* AudioCaptureManager.swift */,
			);
			path = Audio;
			sourceTree = "<group>";
		};
		EF881BCCBB5BC1E4F6B11AF4 /* Views */ = {
			isa = PBXGroup;
			children = (
				C606AACA1E360471045EB567 /* MenuBarView.swift */,
				C34804C10F2A80739BD3D345 /* OnboardingView.swift */,
				6EE9FFD5C464D515350B9CDA /* OverlayPanel.swift */,
				8826DF86EE0096B3513EBB85 /* SettingsView.swift */,
			);
			path = Views;
			sourceTree = "<group>";
		};
/* End PBXGroup section */

/* Begin PBXNativeTarget section */
		2086336CD3C9C9C5628B497B /* Mute */ = {
			isa = PBXNativeTarget;
			buildConfigurationList = D6EB2E6761492E5411FEF9B9 /* Build configuration list for PBXNativeTarget "Mute" */;
			buildPhases = (
				7B48184A49AC647E97D4E05C /* Sources */,
				EE7D64054FA0B6E519367EA7 /* Resources */,
				AE574384A09C6A655DFDDC0D /* Frameworks */,
			);
			buildRules = (
			);
			dependencies = (
			);
			name = Mute;
			packageProductDependencies = (
				AB913567D1E5AFEB16067B03 /* KeyboardShortcuts */,
			);
			productName = Mute;
			productReference = 20630095FD8BFCDA1135DB38 /* Mute.app */;
			productType = "com.apple.product-type.application";
		};
/* End PBXNativeTarget section */

/* Begin PBXProject section */
		04D40CE27B501C995F9CE999 /* Project object */ = {
			isa = PBXProject;
			attributes = {
				BuildIndependentTargetsInParallel = YES;
				LastUpgradeCheck = 1500;
				TargetAttributes = {
					2086336CD3C9C9C5628B497B = {
						ProvisioningStyle = Automatic;
					};
				};
			};
			buildConfigurationList = 1BD96B21D8B5ECBAB2912C8C /* Build configuration list for PBXProject "Mute" */;
			compatibilityVersion = "Xcode 14.0";
			developmentRegion = en;
			hasScannedForEncodings = 0;
			knownRegions = (
				Base,
				en,
			);
			mainGroup = 3481DDAADA410E21A7C36A60;
			minimizedProjectReferenceProxies = 1;
			packageReferences = (
				CACE438009E7677D1D23F26E /* XCRemoteSwiftPackageReference "KeyboardShortcuts" */,
			);
			preferredProjectObjectVersion = 77;
			projectDirPath = "";
			projectRoot = "";
			targets = (
				2086336CD3C9C9C5628B497B /* Mute */,
			);
		};
/* End PBXProject section */

/* Begin PBXResourcesBuildPhase section */
		EE7D64054FA0B6E519367EA7 /* Resources */ = {
			isa = PBXResourcesBuildPhase;
			buildActionMask = 2147483647;
			files = (
				8912ABB977DA708981C53531 /* Assets.xcassets in Resources */,
			);
			runOnlyForDeploymentPostprocessing = 0;
		};
/* End PBXResourcesBuildPhase section */

/* Begin PBXSourcesBuildPhase section */
		7B48184A49AC647E97D4E05C /* Sources */ = {
			isa = PBXSourcesBuildPhase;
			buildActionMask = 2147483647;
			files = (
				A4403B77929A4B2DF22E2376 /* AppDelegate.swift in Sources */,
				8EDC04171FD120BD16C66662 /* AppState.swift in Sources */,
				C8D94B7EB7C34C9293CBC2FF /* AudioCaptureManager.swift in Sources */,
				64C8804CB8F639D59F33D118 /* AudioFileManager.swift in Sources */,
				2CE0A2554E94A4FA3238927D /* AudioFileTranscriber.swift in Sources */,
				3C95D72D5B66669670D7DF9D /* GroqChatProvider.swift in Sources */,
				D49555A8497496475FAE5B4B /* GroqWhisperProvider.swift in Sources */,
				1B8EFC7C3D258C9B4977474B /* GroqWhisperProviderTests.swift in Sources */,
				53AACCDFF2BD2FD935915007 /* KeychainManager.swift in Sources */,
				6405578BCF92F61C96225C3B /* MenuBarView.swift in Sources */,
				44AFC008628CF6696A94CDE4 /* MuteApp.swift in Sources */,
				D6687E589B0409645A3B15DD /* NotesIntegrationService.swift in Sources */,
				72DC2C39EE3E36DDA6CACBC7 /* OnboardingView.swift in Sources */,
				FD40D6E9CE1E9BC4D40D7084 /* OverlayPanel.swift in Sources */,
				210F2E6B9282B25963AB9A82 /* PermissionManager.swift in Sources */,
				17BC1D60B968DEF53C1F654E /* SettingsView.swift in Sources */,
				D5CEACBED3623E1F93B25892 /* TextInsertionService.swift in Sources */,
				689EA065D780B98738734E17 /* TranscriptionMode.swift in Sources */,
				88830D6C1EEB0B45E980042F /* TranscriptionModeManager.swift in Sources */,
				012128C9CCD53381CB7EDD52 /* TranscriptionProvider.swift in Sources */,
			);
			runOnlyForDeploymentPostprocessing = 0;
		};
/* End PBXSourcesBuildPhase section */

/* Begin XCBuildConfiguration section */
		227DBCFDD6017272514C7D30 /* Debug */ = {
			isa = XCBuildConfiguration;
			buildSettings = {
				ALWAYS_SEARCH_USER_PATHS = NO;
				ARCHS = arm64;
				ASSETCATALOG_COMPILER_APPICON_NAME = AppIcon;
				CLANG_ANALYZER_NONNULL = YES;
				CLANG_ANALYZER_NUMBER_OBJECT_CONVERSION = YES_AGGRESSIVE;
				CLANG_CXX_LANGUAGE_STANDARD = "gnu++14";
				CLANG_CXX_LIBRARY = "libc++";
				CLANG_ENABLE_MODULES = YES;
				CLANG_ENABLE_OBJC_ARC = YES;
				CLANG_ENABLE_OBJC_WEAK = YES;
				CLANG_WARN_BLOCK_CAPTURE_AUTORELEASING = YES;
				CLANG_WARN_BOOL_CONVERSION = YES;
				CLANG_WARN_COMMA = YES;
				CLANG_WARN_CONSTANT_CONVERSION = YES;
				CLANG_WARN_DEPRECATED_OBJC_IMPLEMENTATIONS = YES;
				CLANG_WARN_DIRECT_OBJC_ISA_USAGE = YES_ERROR;
				CLANG_WARN_DOCUMENTATION_COMMENTS = YES;
				CLANG_WARN_EMPTY_BODY = YES;
				CLANG_WARN_ENUM_CONVERSION = YES;
				CLANG_WARN_INFINITE_RECURSION = YES;
				CLANG_WARN_INT_CONVERSION = YES;
				CLANG_WARN_NON_LITERAL_NULL_CONVERSION = YES;
				CLANG_WARN_OBJC_IMPLICIT_RETAIN_SELF = YES;
				CLANG_WARN_OBJC_LITERAL_CONVERSION = YES;
				CLANG_WARN_OBJC_ROOT_CLASS = YES_ERROR;
				CLANG_WARN_QUOTED_INCLUDE_IN_FRAMEWORK_HEADER = YES;
				CLANG_WARN_RANGE_LOOP_ANALYSIS = YES;
				CLANG_WARN_STRICT_PROTOTYPES = YES;
				CLANG_WARN_SUSPICIOUS_MOVE = YES;
				CLANG_WARN_UNGUARDED_AVAILABILITY = YES_AGGRESSIVE;
				CLANG_WARN_UNREACHABLE_CODE = YES;
				CLANG_WARN__DUPLICATE_METHOD_MATCH = YES;
				CODE_SIGN_ENTITLEMENTS = Mute/Mute.entitlements;
				CODE_SIGN_STYLE = Automatic;
				COMBINE_HIDPI_IMAGES = YES;
				COPY_PHASE_STRIP = NO;
				CURRENT_PROJECT_VERSION = 1;
				DEBUG_INFORMATION_FORMAT = "dwarf-with-dsym";
				ENABLE_HARDENED_RUNTIME = YES;
				ENABLE_STRICT_OBJC_MSGSEND = YES;
				ENABLE_TESTABILITY = YES;
				GCC_C_LANGUAGE_STANDARD = gnu11;
				GCC_DYNAMIC_NO_PIC = NO;
				GCC_NO_COMMON_BLOCKS = YES;
				GCC_OPTIMIZATION_LEVEL = 0;
				GCC_PREPROCESSOR_DEFINITIONS = "DEBUG=1";
				GCC_WARN_64_TO_32_BIT_CONVERSION = YES;
				GCC_WARN_ABOUT_RETURN_TYPE = YES_ERROR;
				GCC_WARN_UNDECLARED_SELECTOR = YES;
				GCC_WARN_UNINITIALIZED_AUTOS = YES_AGGRESSIVE;
				GCC_WARN_UNUSED_FUNCTION = YES;
				GCC_WARN_UNUSED_VARIABLE = YES;
				INFOPLIST_FILE = Mute/Info.plist;
				LD_RUNPATH_SEARCH_PATHS = "@executable_path/../Frameworks";
				MACOSX_DEPLOYMENT_TARGET = 13.0;
				MARKETING_VERSION = 1.0.0;
				MTL_ENABLE_DEBUG_INFO = INCLUDE_SOURCE;
				MTL_FAST_MATH = YES;
				ONLY_ACTIVE_ARCH = YES;
				PRODUCT_BUNDLE_IDENTIFIER = com.DS.mute.app;
				PRODUCT_NAME = Mute;
				SDKROOT = macosx;
				SWIFT_ACTIVE_COMPILATION_CONDITIONS = DEBUG;
				SWIFT_OPTIMIZATION_LEVEL = "-Onone";
				SWIFT_VERSION = 5.9;
			};
			name = Debug;
		};
		323FB717BB1384430342479F /* Release */ = {
			isa = XCBuildConfiguration;
			buildSettings = {
				ALWAYS_SEARCH_USER_PATHS = NO;
				ARCHS = arm64;
				ASSETCATALOG_COMPILER_APPICON_NAME = AppIcon;
				CLANG_ANALYZER_NONNULL = YES;
				CLANG_ANALYZER_NUMBER_OBJECT_CONVERSION = YES_AGGRESSIVE;
				CLANG_CXX_LANGUAGE_STANDARD = "gnu++14";
				CLANG_CXX_LIBRARY = "libc++";
				CLANG_ENABLE_MODULES = YES;
				CLANG_ENABLE_OBJC_ARC = YES;
				CLANG_ENABLE_OBJC_WEAK = YES;
				CLANG_WARN_BLOCK_CAPTURE_AUTORELEASING = YES;
				CLANG_WARN_BOOL_CONVERSION = YES;
				CLANG_WARN_COMMA = YES;
				CLANG_WARN_CONSTANT_CONVERSION = YES;
				CLANG_WARN_DEPRECATED_OBJC_IMPLEMENTATIONS = YES;
				CLANG_WARN_DIRECT_OBJC_ISA_USAGE = YES_ERROR;
				CLANG_WARN_DOCUMENTATION_COMMENTS = YES;
				CLANG_WARN_EMPTY_BODY = YES;
				CLANG_WARN_ENUM_CONVERSION = YES;
				CLANG_WARN_INFINITE_RECURSION = YES;
				CLANG_WARN_INT_CONVERSION = YES;
				CLANG_WARN_NON_LITERAL_NULL_CONVERSION = YES;
				CLANG_WARN_OBJC_IMPLICIT_RETAIN_SELF = YES;
				CLANG_WARN_OBJC_LITERAL_CONVERSION = YES;
				CLANG_WARN_OBJC_ROOT_CLASS = YES_ERROR;
				CLANG_WARN_QUOTED_INCLUDE_IN_FRAMEWORK_HEADER = YES;
				CLANG_WARN_RANGE_LOOP_ANALYSIS = YES;
				CLANG_WARN_STRICT_PROTOTYPES = YES;
				CLANG_WARN_SUSPICIOUS_MOVE = YES;
				CLANG_WARN_UNGUARDED_AVAILABILITY = YES_AGGRESSIVE;
				CLANG_WARN_UNREACHABLE_CODE = YES;
				CLANG_WARN__DUPLICATE_METHOD_MATCH = YES;
				CODE_SIGN_ENTITLEMENTS = Mute/Mute.entitlements;
				CODE_SIGN_STYLE = Automatic;
				COMBINE_HIDPI_IMAGES = YES;
				COPY_PHASE_STRIP = YES;
				CURRENT_PROJECT_VERSION = 1;
				DEBUG_INFORMATION_FORMAT = "dwarf-with-dsym";
				ENABLE_HARDENED_RUNTIME = YES;
				ENABLE_NS_ASSERTIONS = NO;
				ENABLE_STRICT_OBJC_MSGSEND = YES;
				GCC_C_LANGUAGE_STANDARD = gnu11;
				GCC_NO_COMMON_BLOCKS = YES;
				GCC_WARN_64_TO_32_BIT_CONVERSION = YES;
				GCC_WARN_ABOUT_RETURN_TYPE = YES_ERROR;
				GCC_WARN_UNDECLARED_SELECTOR = YES;
				GCC_WARN_UNINITIALIZED_AUTOS = YES_AGGRESSIVE;
				GCC_WARN_UNUSED_FUNCTION = YES;
				GCC_WARN_UNUSED_VARIABLE = YES;
				INFOPLIST_FILE = Mute/Info.plist;
				LD_RUNPATH_SEARCH_PATHS = "@executable_path/../Frameworks";
				MACOSX_DEPLOYMENT_TARGET = 13.0;
				MARKETING_VERSION = 1.0.0;
				MTL_ENABLE_DEBUG_INFO = NO;
				MTL_FAST_MATH = YES;
				PRODUCT_BUNDLE_IDENTIFIER = com.DS.mute.app;
				PRODUCT_NAME = Mute;
				SDKROOT = macosx;
				SWIFT_COMPILATION_MODE = wholemodule;
				SWIFT_OPTIMIZATION_LEVEL = "-O";
				SWIFT_VERSION = 5.9;
			};
			name = Release;
		};
		A14AEE1FBCF8A3CD0FB28CAB /* Release */ = {
			isa = XCBuildConfiguration;
			buildSettings = {
				ASSETCATALOG_COMPILER_APPICON_NAME = AppIcon;
				CODE_SIGN_ENTITLEMENTS = Mute/Mute.entitlements;
				COMBINE_HIDPI_IMAGES = YES;
				INFOPLIST_FILE = Mute/Info.plist;
				LD_RUNPATH_SEARCH_PATHS = (
					"@executable_path/../Frameworks",
				);
				PRODUCT_BUNDLE_IDENTIFIER = com.DS.mute.app;
				PRODUCT_NAME = Mute;
				SDKROOT = macosx;
			};
			name = Release;
		};
		DE22769E8039B7C9D88E14E5 /* Debug */ = {
			isa = XCBuildConfiguration;
			buildSettings = {
				ASSETCATALOG_COMPILER_APPICON_NAME = AppIcon;
				CODE_SIGN_ENTITLEMENTS = Mute/Mute.entitlements;
				COMBINE_HIDPI_IMAGES = YES;
				INFOPLIST_FILE = Mute/Info.plist;
				LD_RUNPATH_SEARCH_PATHS = (
					"@executable_path/../Frameworks",
				);
				PRODUCT_BUNDLE_IDENTIFIER = com.DS.mute.app;
				PRODUCT_NAME = Mute;
				SDKROOT = macosx;
			};
			name = Debug;
		};
/* End XCBuildConfiguration section */

/* Begin XCConfigurationList section */
		1BD96B21D8B5ECBAB2912C8C /* Build configuration list for PBXProject "Mute" */ = {
			isa = XCConfigurationList;
			buildConfigurations = (
				227DBCFDD6017272514C7D30 /* Debug */,
				323FB717BB1384430342479F /* Release */,
			);
			defaultConfigurationIsVisible = 0;
			defaultConfigurationName = Debug;
		};
		D6EB2E6761492E5411FEF9B9 /* Build configuration list for PBXNativeTarget "Mute" */ = {
			isa = XCConfigurationList;
			buildConfigurations = (
				DE22769E8039B7C9D88E14E5 /* Debug */,
				A14AEE1FBCF8A3CD0FB28CAB /* Release */,
			);
			defaultConfigurationIsVisible = 0;
			defaultConfigurationName = Debug;
		};
/* End XCConfigurationList section */

/* Begin XCRemoteSwiftPackageReference section */
		CACE438009E7677D1D23F26E /* XCRemoteSwiftPackageReference "KeyboardShortcuts" */ = {
			isa = XCRemoteSwiftPackageReference;
			repositoryURL = "https://github.com/sindresorhus/KeyboardShortcuts.git";
			requirement = {
				kind = upToNextMajorVersion;
				minimumVersion = 2.0.0;
			};
		};
/* End XCRemoteSwiftPackageReference section */

/* Begin XCSwiftPackageProductDependency section */
		AB913567D1E5AFEB16067B03 /* KeyboardShortcuts */ = {
			isa = XCSwiftPackageProductDependency;
			package = CACE438009E7677D1D23F26E /* XCRemoteSwiftPackageReference "KeyboardShortcuts" */;
			productName = KeyboardShortcuts;
		};
/* End XCSwiftPackageProductDependency section */
	};
	rootObject = 04D40CE27B501C995F9CE999 /* Project object */;
}
